
Microsoft Visual Studio Solution File, Format Version 12.00
# Visual Studio Version 17
VisualStudioVersion = 17.0.31903.59
MinimumVisualStudioVersion = 10.0.40219.1
Project("{2150E333-8FDC-42A3-9474-1A3956D46DE8}") = "src", "src", "{827E0CD3-B72D-47B6-A68D-7590B98EB39B}"
EndProject
Project("{FAE04EC0-301F-11D3-BF4B-00C04F79EFBC}") = "FinAssist.Core", "src\FinAssist.Core\FinAssist.Core.csproj", "{9880E482-56CD-4ACC-8EF1-689503F60A0D}"
EndProject
Project("{FAE04EC0-301F-11D3-BF4B-00C04F79EFBC}") = "FinAssist.Infrastructure", "src\FinAssist.Infrastructure\FinAssist.Infrastructure.csproj", "{DF7729AF-1A96-4293-A49B-53D9EAFD94B9}"
EndProject
Project("{FAE04EC0-301F-11D3-BF4B-00C04F79EFBC}") = "FinAssist.Api", "src\FinAssist.Api\FinAssist.Api.csproj", "{5DDAD3A9-8AE0-4E62-ADAB-1481A5B2D2A7}"
EndProject
Project("{FAE04EC0-301F-11D3-BF4B-00C04F79EFBC}") = "FinAssist.Web", "src\FinAssist.Web\FinAssist.Web.csproj", "{9D4CDC0B-BCB7-4502-B3CD-15AAA07C9A30}"
EndProject
Project("{FAE04EC0-301F-11D3-BF4B-00C04F79EFBC}") = "FinAssist.Console", "src\FinAssist.Console\FinAssist.Console.csproj", "{FBC24248-8578-4448-8299-B96EE95EC170}"
EndProject
Project("{2150E333-8FDC-42A3-9474-1A3956D46DE8}") = "tests", "tests", "{0AB3BF05-4346-4AA6-1389-037BE0695223}"
EndProject
Project("{FAE04EC0-301F-11D3-BF4B-00C04F79EFBC}") = "FinAssist.Tests", "tests\FinAssist.Tests\FinAssist.Tests.csproj", "{60EA6D72-3763-4942-A1BD-C6BE40E1F94F}"
EndProject
Global
	GlobalSection(SolutionConfigurationPlatforms) = preSolution
		Debug|Any CPU = Debug|Any CPU
		Debug|x64 = Debug|x64
		Debug|x86 = Debug|x86
		Release|Any CPU = Release|Any CPU
		Release|x64 = Release|x64
		Release|x86 = Release|x86
	EndGlobalSection
	GlobalSection(ProjectConfigurationPlatforms) = postSolution
		{9880E482-56CD-4ACC-8EF1-689503F60A0D}.Debug|Any CPU.ActiveCfg = Debug|Any CPU
		{9880E482-56CD-4ACC-8EF1-689503F60A0D}.Debug|Any CPU.Build.0 = Debug|Any CPU
		{9880E482-56CD-4ACC-8EF1-689503F60A0D}.Debug|x64.ActiveCfg = Debug|Any CPU
		{9880E482-56CD-4ACC-8EF1-689503F60A0D}.Debug|x64.Build.0 = Debug|Any CPU
		{9880E482-56CD-4ACC-8EF1-689503F60A0D}.Debug|x86.ActiveCfg = Debug|Any CPU
		{9880E482-56CD-4ACC-8EF1-689503F60A0D}.Debug|x86.Build.0 = Debug|Any CPU
		{9880E482-56CD-4ACC-8EF1-689503F60A0D}.Release|Any CPU.ActiveCfg = Release|Any CPU
		{9880E482-56CD-4ACC-8EF1-689503F60A0D}.Release|Any CPU.Build.0 = Release|Any CPU
		{9880E482-56CD-4ACC-8EF1-689503F60A0D}.Release|x64.ActiveCfg = Release|Any CPU
		{9880E482-56CD-4ACC-8EF1-689503F60A0D}.Release|x64.Build.0 = Release|Any CPU
		{9880E482-56CD-4ACC-8EF1-689503F60A0D}.Release|x86.ActiveCfg = Release|Any CPU
		{9880E482-56CD-4ACC-8EF1-689503F60A0D}.Release|x86.Build.0 = Release|Any CPU
		{DF7729AF-1A96-4293-A49B-53D9EAFD94B9}.Debug|Any CPU.ActiveCfg = Debug|Any CPU
		{DF7729AF-1A96-4293-A49B-53D9EAFD94B9}.Debug|Any CPU.Build.0 = Debug|Any CPU
		{DF7729AF-1A96-4293-A49B-53D9EAFD94B9}.Debug|x64.ActiveCfg = Debug|Any CPU
		{DF7729AF-1A96-4293-A49B-53D9EAFD94B9}.Debug|x64.Build.0 = Debug|Any CPU
		{DF7729AF-1A96-4293-A49B-53D9EAFD94B9}.Debug|x86.ActiveCfg = Debug|Any CPU
		{DF7729AF-1A96-4293-A49B-53D9EAFD94B9}.Debug|x86.Build.0 = Debug|Any CPU
		{DF7729AF-1A96-4293-A49B-53D9EAFD94B9}.Release|Any CPU.ActiveCfg = Release|Any CPU
		{DF7729AF-1A96-4293-A49B-53D9EAFD94B9}.Release|Any CPU.Build.0 = Release|Any CPU
		{DF7729AF-1A96-4293-A49B-53D9EAFD94B9}.Release|x64.ActiveCfg = Release|Any CPU
		{DF7729AF-1A96-4293-A49B-53D9EAFD94B9}.Release|x64.Build.0 = Release|Any CPU
		{DF7729AF-1A96-4293-A49B-53D9EAFD94B9}.Release|x86.ActiveCfg = Release|Any CPU
		{DF7729AF-1A96-4293-A49B-53D9EAFD94B9}.Release|x86.Build.0 = Release|Any CPU
		{5DDAD3A9-8AE0-4E62-ADAB-1481A5B2D2A7}.Debug|Any CPU.ActiveCfg = Debug|Any CPU
		{5DDAD3A9-8AE0-4E62-ADAB-1481A5B2D2A7}.Debug|Any CPU.Build.0 = Debug|Any CPU
		{5DDAD3A9-8AE0-4E62-ADAB-1481A5B2D2A7}.Debug|x64.ActiveCfg = Debug|Any CPU
		{5DDAD3A9-8AE0-4E62-ADAB-1481A5B2D2A7}.Debug|x64.Build.0 = Debug|Any CPU
		{5DDAD3A9-8AE0-4E62-ADAB-1481A5B2D2A7}.Debug|x86.ActiveCfg = Debug|Any CPU
		{5DDAD3A9-8AE0-4E62-ADAB-1481A5B2D2A7}.Debug|x86.Build.0 = Debug|Any CPU
		{5DDAD3A9-8AE0-4E62-ADAB-1481A5B2D2A7}.Release|Any CPU.ActiveCfg = Release|Any CPU
		{5DDAD3A9-8AE0-4E62-ADAB-1481A5B2D2A7}.Release|Any CPU.Build.0 = Release|Any CPU
		{5DDAD3A9-8AE0-4E62-ADAB-1481A5B2D2A7}.Release|x64.ActiveCfg = Release|Any CPU
		{5DDAD3A9-8AE0-4E62-ADAB-1481A5B2D2A7}.Release|x64.Build.0 = Release|Any CPU
		{5DDAD3A9-8AE0-4E62-ADAB-1481A5B2D2A7}.Release|x86.ActiveCfg = Release|Any CPU
		{5DDAD3A9-8AE0-4E62-ADAB-1481A5B2D2A7}.Release|x86.Build.0 = Release|Any CPU
		{9D4CDC0B-BCB7-4502-B3CD-15AAA07C9A30}.Debug|Any CPU.ActiveCfg = Debug|Any CPU
		{9D4CDC0B-BCB7-4502-B3CD-15AAA07C9A30}.Debug|Any CPU.Build.0 = Debug|Any CPU
		{9D4CDC0B-BCB7-4502-B3CD-15AAA07C9A30}.Debug|x64.ActiveCfg = Debug|Any CPU
		{9D4CDC0B-BCB7-4502-B3CD-15AAA07C9A30}.Debug|x64.Build.0 = Debug|Any CPU
		{9D4CDC0B-BCB7-4502-B3CD-15AAA07C9A30}.Debug|x86.ActiveCfg = Debug|Any CPU
		{9D4CDC0B-BCB7-4502-B3CD-15AAA07C9A30}.Debug|x86.Build.0 = Debug|Any CPU
		{9D4CDC0B-BCB7-4502-B3CD-15AAA07C9A30}.Release|Any CPU.ActiveCfg = Release|Any CPU
		{9D4CDC0B-BCB7-4502-B3CD-15AAA07C9A30}.Release|Any CPU.Build.0 = Release|Any CPU
		{9D4CDC0B-BCB7-4502-B3CD-15AAA07C9A30}.Release|x64.ActiveCfg = Release|Any CPU
		{9D4CDC0B-BCB7-4502-B3CD-15AAA07C9A30}.Release|x64.Build.0 = Release|Any CPU
		{9D4CDC0B-BCB7-4502-B3CD-15AAA07C9A30}.Release|x86.ActiveCfg = Release|Any CPU
		{9D4CDC0B-BCB7-4502-B3CD-15AAA07C9A30}.Release|x86.Build.0 = Release|Any CPU
		{FBC24248-8578-4448-8299-B96EE95EC170}.Debug|Any CPU.ActiveCfg = Debug|Any CPU
		{FBC24248-8578-4448-8299-B96EE95EC170}.Debug|Any CPU.Build.0 = Debug|Any CPU
		{FBC24248-8578-4448-8299-B96EE95EC170}.Debug|x64.ActiveCfg = Debug|Any CPU
		{FBC24248-8578-4448-8299-B96EE95EC170}.Debug|x64.Build.0 = Debug|Any CPU
		{FBC24248-8578-4448-8299-B96EE95EC170}.Debug|x86.ActiveCfg = Debug|Any CPU
		{FBC24248-8578-4448-8299-B96EE95EC170}.Debug|x86.Build.0 = Debug|Any CPU
		{FBC24248-8578-4448-8299-B96EE95EC170}.Release|Any CPU.ActiveCfg = Release|Any CPU
		{FBC24248-8578-4448-8299-B96EE95EC170}.Release|Any CPU.Build.0 = Release|Any CPU
		{FBC24248-8578-4448-8299-B96EE95EC170}.Release|x64.ActiveCfg = Release|Any CPU
		{FBC24248-8578-4448-8299-B96EE95EC170}.Release|x64.Build.0 = Release|Any CPU
		{FBC24248-8578-4448-8299-B96EE95EC170}.Release|x86.ActiveCfg = Release|Any CPU
		{FBC24248-8578-4448-8299-B96EE95EC170}.Release|x86.Build.0 = Release|Any CPU
		{60EA6D72-3763-4942-A1BD-C6BE40E1F94F}.Debug|Any CPU.ActiveCfg = Debug|Any CPU
		{60EA6D72-3763-4942-A1BD-C6BE40E1F94F}.Debug|Any CPU.Build.0 = Debug|Any CPU
		{60EA6D72-3763-4942-A1BD-C6BE40E1F94F}.Debug|x64.ActiveCfg = Debug|Any CPU
		{60EA6D72-3763-4942-A1BD-C6BE40E1F94F}.Debug|x64.Build.0 = Debug|Any CPU
		{60EA6D72-3763-4942-A1BD-C6BE40E1F94F}.Debug|x86.ActiveCfg = Debug|Any CPU
		{60EA6D72-3763-4942-A1BD-C6BE40E1F94F}.Debug|x86.Build.0 = Debug|Any CPU
		{60EA6D72-3763-4942-A1BD-C6BE40E1F94F}.Release|Any CPU.ActiveCfg = Release|Any CPU
		{60EA6D72-3763-4942-A1BD-C6BE40E1F94F}.Release|Any CPU.Build.0 = Release|Any CPU
		{60EA6D72-3763-4942-A1BD-C6BE40E1F94F}.Release|x64.ActiveCfg = Release|Any CPU
		{60EA6D72-3763-4942-A1BD-C6BE40E1F94F}.Release|x64.Build.0 = Release|Any CPU
		{60EA6D72-3763-4942-A1BD-C6BE40E1F94F}.Release|x86.ActiveCfg = Release|Any CPU
		{60EA6D72-3763-4942-A1BD-C6BE40E1F94F}.Release|x86.Build.0 = Release|Any CPU
	EndGlobalSection
	GlobalSection(SolutionProperties) = preSolution
		HideSolutionNode = FALSE
	EndGlobalSection
	GlobalSection(NestedProjects) = preSolution
		{9880E482-56CD-4ACC-8EF1-689503F60A0D} = {827E0CD3-B72D-47B6-A68D-7590B98EB39B}
		{DF7729AF-1A96-4293-A49B-53D9EAFD94B9} = {827E0CD3-B72D-47B6-A68D-7590B98EB39B}
		{5DDAD3A9-8AE0-4E62-ADAB-1481A5B2D2A7} = {827E0CD3-B72D-47B6-A68D-7590B98EB39B}
		{9D4CDC0B-BCB7-4502-B3CD-15AAA07C9A30} = {827E0CD3-B72D-47B6-A68D-7590B98EB39B}
		{FBC24248-8578-4448-8299-B96EE95EC170} = {827E0CD3-B72D-47B6-A68D-7590B98EB39B}
		{60EA6D72-3763-4942-A1BD-C6BE40E1F94F} = {0AB3BF05-4346-4AA6-1389-037BE0695223}
	EndGlobalSection
EndGlobal
